
Microsoft Visual Studio Solution File, Format Version 12.00
# Visual Studio Version 16
VisualStudioVersion = 16.0.32413.511
MinimumVisualStudioVersion = 10.0.40219.1
Project("{FAE04EC0-301F-11D3-BF4B-00C04F79EFBC}") = "Задание 2", "Задание 2.csproj", "{87B15C78-F62D-4357-9418-5A6DC61B513C}"
EndProject
Global
	GlobalSection(SolutionConfigurationPlatforms) = preSolution
		Debug|Any CPU = Debug|Any CPU
		Release|Any CPU = Release|Any CPU
	EndGlobalSection
	GlobalSection(ProjectConfigurationPlatforms) = postSolution
		{87B15C78-F62D-4357-9418-5A6DC61B513C}.Debug|Any CPU.ActiveCfg = Debug|Any CPU
		{87B15C78-F62D-4357-9418-5A6DC61B513C}.Debug|Any CPU.Build.0 = Debug|Any CPU
		{87B15C78-F62D-4357-9418-5A6DC61B513C}.Release|Any CPU.ActiveCfg = Release|Any CPU
		{87B15C78-F62D-4357-9418-5A6DC61B513C}.Release|Any CPU.Build.0 = Release|Any CPU
	EndGlobalSection
	GlobalSection(SolutionProperties) = preSolution
		HideSolutionNode = FALSE
	EndGlobalSection
	GlobalSection(ExtensibilityGlobals) = postSolution
		SolutionGuid = {4B319E6D-FF43-470A-8C00-5623A3D1FD5A}
	EndGlobalSection
EndGlobal
